// !$*UTF8*$!
{
	archiveVersion = 1;
	classes = {
	};
	objectVersion = 56;
	objects = {

/* Begin PBXBuildFile section */
		2806BC942D4585B200EE6EDA /* PromptViewModel.swift in Sources */ = {isa = PBXBuildFile; fileRef = 2806BC932D4585B200EE6EDA /* PromptViewModel.swift */; };
		2806BC962D458A8900EE6EDA /* PhotoManager.swift in Sources */ = {isa = PBXBuildFile; fileRef = 2806BC952D458A8900EE6EDA /* PhotoManager.swift */; };
		2806BC9A2D458F4F00EE6EDA /* GalleryView.swift in Sources */ = {isa = PBXBuildFile; fileRef = 2806BC992D458F4F00EE6EDA /* GalleryView.swift */; };
		2806BC9C2D45945000EE6EDA /* GalleryViewModel.swift in Sources */ = {isa = PBXBuildFile; fileRef = 2806BC9B2D45945000EE6EDA /* GalleryViewModel.swift */; };
		2806BC9E2D45947300EE6EDA /* Photocell.swift in Sources */ = {isa = PBXBuildFile; fileRef = 2806BC9D2D45947300EE6EDA /* Photocell.swift */; };
		2806BCA02D459C4E00EE6EDA /* PhotoRow.swift in Sources */ = {isa = PBXBuildFile; fileRef = 2806BC9F2D459C4E00EE6EDA /* PhotoRow.swift */; };
		2806BCA22D459CEB00EE6EDA /* PhotoDetailView.swift in Sources */ = {isa = PBXBuildFile; fileRef = 2806BCA12D459CEB00EE6EDA /* PhotoDetailView.swift */; };
		2806BCA42D45A05600EE6EDA /* PP.png in Resources */ = {isa = PBXBuildFile; fileRef = 2806BCA32D45A05600EE6EDA /* PP.png */; };
		2806BCA82D45A12C00EE6EDA /* appstore.png in Resources */ = {isa = PBXBuildFile; fileRef = 2806BCA72D45A12C00EE6EDA /* appstore.png */; };
		2806BCAA2D45A13100EE6EDA /* playstore.png in Resources */ = {isa = PBXBuildFile; fileRef = 2806BCA92D45A13100EE6EDA /* playstore.png */; };
		2806BCAC2D45A20C00EE6EDA /* Assets.xcassets in Resources */ = {isa = PBXBuildFile; fileRef = 2806BCAB2D45A20C00EE6EDA /* Assets.xcassets */; };
		2806BCAE2D4680A400EE6EDA /* NetworkManager.swift in Sources */ = {isa = PBXBuildFile; fileRef = 2806BCAD2D4680A400EE6EDA /* NetworkManager.swift */; };
		2806BCB02D46979200EE6EDA /* PromptResponse.swift in Sources */ = {isa = PBXBuildFile; fileRef = 2806BCAF2D46979200EE6EDA /* PromptResponse.swift */; };
		2806BCB42D4698FF00EE6EDA /* PhotoTag.swift in Sources */ = {isa = PBXBuildFile; fileRef = 2806BCB32D4698FF00EE6EDA /* PhotoTag.swift */; };
		2806BCB62D46995400EE6EDA /* TagEditorView.swift in Sources */ = {isa = PBXBuildFile; fileRef = 2806BCB52D46995400EE6EDA /* TagEditorView.swift */; };
		2806BCB82D469A2500EE6EDA /* CarouselView.swift in Sources */ = {isa = PBXBuildFile; fileRef = 2806BCB72D469A2500EE6EDA /* CarouselView.swift */; };
		2806BCBA2D46A2A800EE6EDA /* PhotographyTipsView.swift in Sources */ = {isa = PBXBuildFile; fileRef = 2806BCB92D46A2A800EE6EDA /* PhotographyTipsView.swift */; };
		280F0E4D2D44B1A3008C0FC2 /* PosePalApp.swift in Sources */ = {isa = PBXBuildFile; fileRef = 280F0E4C2D44B1A3008C0FC2 /* PosePalApp.swift */; };
		280F0E4F2D44B1A3008C0FC2 /* HomeView.swift in Sources */ = {isa = PBXBuildFile; fileRef = 280F0E4E2D44B1A3008C0FC2 /* HomeView.swift */; };
		280F0E542D44B1A4008C0FC2 /* Preview Assets.xcassets in Resources */ = {isa = PBXBuildFile; fileRef = 280F0E532D44B1A4008C0FC2 /* Preview Assets.xcassets */; };
		284488002D455AE00087F15B /* Prompt.swift in Sources */ = {isa = PBXBuildFile; fileRef = 284487FF2D455AE00087F15B /* Prompt.swift */; };
		284488042D455F060087F15B /* Pose.swift in Sources */ = {isa = PBXBuildFile; fileRef = 284488032D455F060087F15B /* Pose.swift */; };
		284488062D455F5D0087F15B /* CameraView.swift in Sources */ = {isa = PBXBuildFile; fileRef = 284488052D455F5D0087F15B /* CameraView.swift */; };
		284488082D455F7E0087F15B /* CameraViewModel.swift in Sources */ = {isa = PBXBuildFile; fileRef = 284488072D455F7E0087F15B /* CameraViewModel.swift */; };
		2844880A2D455FCA0087F15B /* CameraPreviewView.swift in Sources */ = {isa = PBXBuildFile; fileRef = 284488092D455FCA0087F15B /* CameraPreviewView.swift */; };
/* End PBXBuildFile section */

/* Begin PBXContainerItemProxy section */
		280F0E5B2D44B1A4008C0FC2 /* PBXContainerItemProxy */ = {
			isa = PBXContainerItemProxy;
			containerPortal = 280F0E412D44B1A3008C0FC2 /* Project object */;
			proxyType = 1;
			remoteGlobalIDString = 280F0E482D44B1A3008C0FC2;
			remoteInfo = PosePal;
		};
		280F0E652D44B1A5008C0FC2 /* PBXContainerItemProxy */ = {
			isa = PBXContainerItemProxy;
			containerPortal = 280F0E412D44B1A3008C0FC2 /* Project object */;
			proxyType = 1;
			remoteGlobalIDString = 280F0E482D44B1A3008C0FC2;
			remoteInfo = PosePal;
		};
/* End PBXContainerItemProxy section */

/* Begin PBXFileReference section */
		2806BC8F2D4572BD00EE6EDA /* Info.plist */ = {isa = PBXFileReference; lastKnownFileType = text.plist; path = Info.plist; sourceTree = "<group>"; };
		2806BC902D457D4400EE6EDA /* Storyboard.storyboard */ = {isa = PBXFileReference; lastKnownFileType = file.storyboard; path = Storyboard.storyboard; sourceTree = "<group>"; };
		2806BC932D4585B200EE6EDA /* PromptViewModel.swift */ = {isa = PBXFileReference; lastKnownFileType = sourcecode.swift; path = PromptViewModel.swift; sourceTree = "<group>"; };
		2806BC952D458A8900EE6EDA /* PhotoManager.swift */ = {isa = PBXFileReference; lastKnownFileType = sourcecode.swift; path = PhotoManager.swift; sourceTree = "<group>"; };
		2806BC992D458F4F00EE6EDA /* GalleryView.swift */ = {isa = PBXFileReference; lastKnownFileType = sourcecode.swift; path = GalleryView.swift; sourceTree = "<group>"; };
		2806BC9B2D45945000EE6EDA /* GalleryViewModel.swift */ = {isa = PBXFileReference; lastKnownFileType = sourcecode.swift; path = GalleryViewModel.swift; sourceTree = "<group>"; };
		2806BC9D2D45947300EE6EDA /* Photocell.swift */ = {isa = PBXFileReference; lastKnownFileType = sourcecode.swift; path = Photocell.swift; sourceTree = "<group>"; };
		2806BC9F2D459C4E00EE6EDA /* PhotoRow.swift */ = {isa = PBXFileReference; lastKnownFileType = sourcecode.swift; path = PhotoRow.swift; sourceTree = "<group>"; };
		2806BCA12D459CEB00EE6EDA /* PhotoDetailView.swift */ = {isa = PBXFileReference; lastKnownFileType = sourcecode.swift; path = PhotoDetailView.swift; sourceTree = "<group>"; };
		2806BCA32D45A05600EE6EDA /* PP.png */ = {isa = PBXFileReference; lastKnownFileType = image.png; path = PP.png; sourceTree = SOURCE_ROOT; };
		2806BCA72D45A12C00EE6EDA /* appstore.png */ = {isa = PBXFileReference; lastKnownFileType = image.png; path = appstore.png; sourceTree = "<group>"; };
		2806BCA92D45A13100EE6EDA /* playstore.png */ = {isa = PBXFileReference; lastKnownFileType = image.png; path = playstore.png; sourceTree = "<group>"; };
		2806BCAB2D45A20C00EE6EDA /* Assets.xcassets */ = {isa = PBXFileReference; lastKnownFileType = folder.assetcatalog; path = Assets.xcassets; sourceTree = "<group>"; };
		2806BCAD2D4680A400EE6EDA /* NetworkManager.swift */ = {isa = PBXFileReference; lastKnownFileType = sourcecode.swift; path = NetworkManager.swift; sourceTree = "<group>"; };
		2806BCAF2D46979200EE6EDA /* PromptResponse.swift */ = {isa = PBXFileReference; lastKnownFileType = sourcecode.swift; path = PromptResponse.swift; sourceTree = "<group>"; };
		2806BCB32D4698FF00EE6EDA /* PhotoTag.swift */ = {isa = PBXFileReference; lastKnownFileType = sourcecode.swift; path = PhotoTag.swift; sourceTree = "<group>"; };
		2806BCB52D46995400EE6EDA /* TagEditorView.swift */ = {isa = PBXFileReference; lastKnownFileType = sourcecode.swift; path = TagEditorView.swift; sourceTree = "<group>"; };
		2806BCB72D469A2500EE6EDA /* CarouselView.swift */ = {isa = PBXFileReference; lastKnownFileType = sourcecode.swift; path = CarouselView.swift; sourceTree = "<group>"; };
		2806BCB92D46A2A800EE6EDA /* PhotographyTipsView.swift */ = {isa = PBXFileReference; lastKnownFileType = sourcecode.swift; path = PhotographyTipsView.swift; sourceTree = "<group>"; };
		280F0E492D44B1A3008C0FC2 /* PosePal.app */ = {isa = PBXFileReference; explicitFileType = wrapper.application; includeInIndex = 0; path = PosePal.app; sourceTree = BUILT_PRODUCTS_DIR; };
		280F0E4C2D44B1A3008C0FC2 /* PosePalApp.swift */ = {isa = PBXFileReference; lastKnownFileType = sourcecode.swift; path = PosePalApp.swift; sourceTree = "<group>"; };
		280F0E4E2D44B1A3008C0FC2 /* HomeView.swift */ = {isa = PBXFileReference; lastKnownFileType = sourcecode.swift; path = HomeView.swift; sourceTree = "<group>"; };
		280F0E532D44B1A4008C0FC2 /* Preview Assets.xcassets */ = {isa = PBXFileReference; lastKnownFileType = folder.assetcatalog; path = "Preview Assets.xcassets"; sourceTree = "<group>"; };
		280F0E552D44B1A4008C0FC2 /* PosePal.entitlements */ = {isa = PBXFileReference; lastKnownFileType = text.plist.entitlements; path = PosePal.entitlements; sourceTree = "<group>"; };
		280F0E5A2D44B1A4008C0FC2 /* PosePalTests.xctest */ = {isa = PBXFileReference; explicitFileType = wrapper.cfbundle; includeInIndex = 0; path = PosePalTests.xctest; sourceTree = BUILT_PRODUCTS_DIR; };
		280F0E642D44B1A5008C0FC2 /* PosePalUITests.xctest */ = {isa = PBXFileReference; explicitFileType = wrapper.cfbundle; includeInIndex = 0; path = PosePalUITests.xctest; sourceTree = BUILT_PRODUCTS_DIR; };
		280F0E772D44B1EB008C0FC2 /* README.md */ = {isa = PBXFileReference; lastKnownFileType = net.daringfireball.markdown; path = README.md; sourceTree = "<group>"; };
		284487EF2D4545360087F15B /* PoseView.swift */ = {isa = PBXFileReference; lastKnownFileType = sourcecode.swift; path = PoseView.swift; sourceTree = "<group>"; };
		284487F02D4545360087F15B /* PromptView.swift */ = {isa = PBXFileReference; lastKnownFileType = sourcecode.swift; path = PromptView.swift; sourceTree = "<group>"; };
		284487FF2D455AE00087F15B /* Prompt.swift */ = {isa = PBXFileReference; lastKnownFileType = sourcecode.swift; path = Prompt.swift; sourceTree = "<group>"; };
		284488032D455F060087F15B /* Pose.swift */ = {isa = PBXFileReference; fileEncoding = 4; lastKnownFileType = sourcecode.swift; name = Pose.swift; path = ../../../../../../../.Trash/Pose.swift; sourceTree = "<group>"; };
		284488052D455F5D0087F15B /* CameraView.swift */ = {isa = PBXFileReference; lastKnownFileType = sourcecode.swift; path = CameraView.swift; sourceTree = "<group>"; };
		284488072D455F7E0087F15B /* CameraViewModel.swift */ = {isa = PBXFileReference; lastKnownFileType = sourcecode.swift; path = CameraViewModel.swift; sourceTree = "<group>"; };
		284488092D455FCA0087F15B /* CameraPreviewView.swift */ = {isa = PBXFileReference; lastKnownFileType = sourcecode.swift; path = CameraPreviewView.swift; sourceTree = "<group>"; };
/* End PBXFileReference section */

/* Begin PBXFrameworksBuildPhase section */
		280F0E462D44B1A3008C0FC2 /* Frameworks */ = {
			isa = PBXFrameworksBuildPhase;
			buildActionMask = 2147483647;
			files = (
			);
			runOnlyForDeploymentPostprocessing = 0;
		};
		280F0E572D44B1A4008C0FC2 /* Frameworks */ = {
			isa = PBXFrameworksBuildPhase;
			buildActionMask = 2147483647;
			files = (
			);
			runOnlyForDeploymentPostprocessing = 0;
		};
		280F0E612D44B1A5008C0FC2 /* Frameworks */ = {
			isa = PBXFrameworksBuildPhase;
			buildActionMask = 2147483647;
			files = (
			);
			runOnlyForDeploymentPostprocessing = 0;
		};
/* End PBXFrameworksBuildPhase section */

/* Begin PBXGroup section */
		280F0E402D44B1A3008C0FC2 = {
			isa = PBXGroup;
			children = (
				2806BC902D457D4400EE6EDA /* Storyboard.storyboard */,
				280F0E772D44B1EB008C0FC2 /* README.md */,
				280F0E4B2D44B1A3008C0FC2 /* PosePal */,
				280F0E4A2D44B1A3008C0FC2 /* Products */,
			);
			sourceTree = "<group>";
		};
		280F0E4A2D44B1A3008C0FC2 /* Products */ = {
			isa = PBXGroup;
			children = (
				280F0E492D44B1A3008C0FC2 /* PosePal.app */,
				280F0E5A2D44B1A4008C0FC2 /* PosePalTests.xctest */,
				280F0E642D44B1A5008C0FC2 /* PosePalUITests.xctest */,
			);
			name = Products;
			sourceTree = "<group>";
		};
		280F0E4B2D44B1A3008C0FC2 /* PosePal */ = {
			isa = PBXGroup;
			children = (
				2806BC8F2D4572BD00EE6EDA /* Info.plist */,
				2806BC9D2D45947300EE6EDA /* Photocell.swift */,
				2806BC952D458A8900EE6EDA /* PhotoManager.swift */,
				280F0E4C2D44B1A3008C0FC2 /* PosePalApp.swift */,
				280F0E4E2D44B1A3008C0FC2 /* HomeView.swift */,
				2806BCAD2D4680A400EE6EDA /* NetworkManager.swift */,
				2806BC9F2D459C4E00EE6EDA /* PhotoRow.swift */,
				284487FC2D455AD10087F15B /* Models */,
				284487EE2D4545360087F15B /* Views */,
				2806BCA72D45A12C00EE6EDA /* appstore.png */,
				2806BCA92D45A13100EE6EDA /* playstore.png */,
				2806BCAB2D45A20C00EE6EDA /* Assets.xcassets */,
				2806BCA32D45A05600EE6EDA /* PP.png */,
				280F0E552D44B1A4008C0FC2 /* PosePal.entitlements */,
				280F0E522D44B1A4008C0FC2 /* Preview Content */,
			);
			path = PosePal;
			sourceTree = "<group>";
		};
		280F0E522D44B1A4008C0FC2 /* Preview Content */ = {
			isa = PBXGroup;
			children = (
				280F0E532D44B1A4008C0FC2 /* Preview Assets.xcassets */,
			);
			path = "Preview Content";
			sourceTree = "<group>";
		};
		284487EE2D4545360087F15B /* Views */ = {
			isa = PBXGroup;
			children = (
				284487EF2D4545360087F15B /* PoseView.swift */,
				284487F02D4545360087F15B /* PromptView.swift */,
				284488052D455F5D0087F15B /* CameraView.swift */,
				2806BCB92D46A2A800EE6EDA /* PhotographyTipsView.swift */,
				2806BCB72D469A2500EE6EDA /* CarouselView.swift */,
				2806BCB52D46995400EE6EDA /* TagEditorView.swift */,
				284488092D455FCA0087F15B /* CameraPreviewView.swift */,
				2806BC992D458F4F00EE6EDA /* GalleryView.swift */,
				2806BCA12D459CEB00EE6EDA /* PhotoDetailView.swift */,
			);
			path = Views;
			sourceTree = "<group>";
		};
		284487FC2D455AD10087F15B /* Models */ = {
			isa = PBXGroup;
			children = (
				284487FF2D455AE00087F15B /* Prompt.swift */,
				284488032D455F060087F15B /* Pose.swift */,
				2806BCB32D4698FF00EE6EDA /* PhotoTag.swift */,
				2806BCAF2D46979200EE6EDA /* PromptResponse.swift */,
				284488072D455F7E0087F15B /* CameraViewModel.swift */,
				2806BC932D4585B200EE6EDA /* PromptViewModel.swift */,
				2806BC9B2D45945000EE6EDA /* GalleryViewModel.swift */,
			);
			name = Models;
			path = Views/Models;
			sourceTree = "<group>";
		};
/* End PBXGroup section */

/* Begin PBXNativeTarget section */
		280F0E482D44B1A3008C0FC2 /* PosePal */ = {
			isa = PBXNativeTarget;
			buildConfigurationList = 280F0E6E2D44B1A5008C0FC2 /* Build configuration list for PBXNativeTarget "PosePal" */;
			buildPhases = (
				280F0E452D44B1A3008C0FC2 /* Sources */,
				280F0E462D44B1A3008C0FC2 /* Frameworks */,
				280F0E472D44B1A3008C0FC2 /* Resources */,
			);
			buildRules = (
			);
			dependencies = (
			);
			name = PosePal;
			productName = PosePal;
			productReference = 280F0E492D44B1A3008C0FC2 /* PosePal.app */;
			productType = "com.apple.product-type.application";
		};
		280F0E592D44B1A4008C0FC2 /* PosePalTests */ = {
			isa = PBXNativeTarget;
			buildConfigurationList = 280F0E712D44B1A5008C0FC2 /* Build configuration list for PBXNativeTarget "PosePalTests" */;
			buildPhases = (
				280F0E562D44B1A4008C0FC2 /* Sources */,
				280F0E572D44B1A4008C0FC2 /* Frameworks */,
				280F0E582D44B1A4008C0FC2 /* Resources */,
			);
			buildRules = (
			);
			dependencies = (
				280F0E5C2D44B1A4008C0FC2 /* PBXTargetDependency */,
			);
			name = PosePalTests;
			productName = PosePalTests;
			productReference = 280F0E5A2D44B1A4008C0FC2 /* PosePalTests.xctest */;
			productType = "com.apple.product-type.bundle.unit-test";
		};
		280F0E632D44B1A5008C0FC2 /* PosePalUITests */ = {
			isa = PBXNativeTarget;
			buildConfigurationList = 280F0E742D44B1A5008C0FC2 /* Build configuration list for PBXNativeTarget "PosePalUITests" */;
			buildPhases = (
				280F0E602D44B1A5008C0FC2 /* Sources */,
				280F0E612D44B1A5008C0FC2 /* Frameworks */,
				280F0E622D44B1A5008C0FC2 /* Resources */,
			);
			buildRules = (
			);
			dependencies = (
				280F0E662D44B1A5008C0FC2 /* PBXTargetDependency */,
			);
			name = PosePalUITests;
			productName = PosePalUITests;
			productReference = 280F0E642D44B1A5008C0FC2 /* PosePalUITests.xctest */;
			productType = "com.apple.product-type.bundle.ui-testing";
		};
/* End PBXNativeTarget section */

/* Begin PBXProject section */
		280F0E412D44B1A3008C0FC2 /* Project object */ = {
			isa = PBXProject;
			attributes = {
				BuildIndependentTargetsInParallel = 1;
				LastSwiftUpdateCheck = 1520;
				LastUpgradeCheck = 1520;
				TargetAttributes = {
					280F0E482D44B1A3008C0FC2 = {
						CreatedOnToolsVersion = 15.2;
					};
					280F0E592D44B1A4008C0FC2 = {
						CreatedOnToolsVersion = 15.2;
						TestTargetID = 280F0E482D44B1A3008C0FC2;
					};
					280F0E632D44B1A5008C0FC2 = {
						CreatedOnToolsVersion = 15.2;
						TestTargetID = 280F0E482D44B1A3008C0FC2;
					};
				};
			};
			buildConfigurationList = 280F0E442D44B1A3008C0FC2 /* Build configuration list for PBXProject "PosePal" */;
			compatibilityVersion = "Xcode 14.0";
			developmentRegion = en;
			hasScannedForEncodings = 0;
			knownRegions = (
				en,
				Base,
			);
			mainGroup = 280F0E402D44B1A3008C0FC2;
			productRefGroup = 280F0E4A2D44B1A3008C0FC2 /* Products */;
			projectDirPath = "";
			projectRoot = "";
			targets = (
				280F0E482D44B1A3008C0FC2 /* PosePal */,
				280F0E592D44B1A4008C0FC2 /* PosePalTests */,
				280F0E632D44B1A5008C0FC2 /* PosePalUITests */,
			);
		};
/* End PBXProject section */

/* Begin PBXResourcesBuildPhase section */
		280F0E472D44B1A3008C0FC2 /* Resources */ = {
			isa = PBXResourcesBuildPhase;
			buildActionMask = 2147483647;
			files = (
				280F0E542D44B1A4008C0FC2 /* Preview Assets.xcassets in Resources */,
				2806BCA82D45A12C00EE6EDA /* appstore.png in Resources */,
				2806BCA42D45A05600EE6EDA /* PP.png in Resources */,
				2806BCAA2D45A13100EE6EDA /* playstore.png in Resources */,
				2806BCAC2D45A20C00EE6EDA /* Assets.xcassets in Resources */,
			);
			runOnlyForDeploymentPostprocessing = 0;
		};
		280F0E582D44B1A4008C0FC2 /* Resources */ = {
			isa = PBXResourcesBuildPhase;
			buildActionMask = 2147483647;
			files = (
			);
			runOnlyForDeploymentPostprocessing = 0;
		};
		280F0E622D44B1A5008C0FC2 /* Resources */ = {
			isa = PBXResourcesBuildPhase;
			buildActionMask = 2147483647;
			files = (
			);
			runOnlyForDeploymentPostprocessing = 0;
		};
/* End PBXResourcesBuildPhase section */

/* Begin PBXSourcesBuildPhase section */
		280F0E452D44B1A3008C0FC2 /* Sources */ = {
			isa = PBXSourcesBuildPhase;
			buildActionMask = 2147483647;
			files = (
				2806BCBA2D46A2A800EE6EDA /* PhotographyTipsView.swift in Sources */,
				2806BCB02D46979200EE6EDA /* PromptResponse.swift in Sources */,
				284488042D455F060087F15B /* Pose.swift in Sources */,
				2806BCB62D46995400EE6EDA /* TagEditorView.swift in Sources */,
				284488002D455AE00087F15B /* Prompt.swift in Sources */,
				2806BCA22D459CEB00EE6EDA /* PhotoDetailView.swift in Sources */,
				280F0E4F2D44B1A3008C0FC2 /* HomeView.swift in Sources */,
				2806BC962D458A8900EE6EDA /* PhotoManager.swift in Sources */,
				2806BC9E2D45947300EE6EDA /* Photocell.swift in Sources */,
				2844880A2D455FCA0087F15B /* CameraPreviewView.swift in Sources */,
				284488062D455F5D0087F15B /* CameraView.swift in Sources */,
				280F0E4D2D44B1A3008C0FC2 /* PosePalApp.swift in Sources */,
				2806BC9C2D45945000EE6EDA /* GalleryViewModel.swift in Sources */,
				2806BCB42D4698FF00EE6EDA /* PhotoTag.swift in Sources */,
				2806BCB82D469A2500EE6EDA /* CarouselView.swift in Sources */,
				2806BC942D4585B200EE6EDA /* PromptViewModel.swift in Sources */,
				284488082D455F7E0087F15B /* CameraViewModel.swift in Sources */,
				2806BCAE2D4680A400EE6EDA /* NetworkManager.swift in Sources */,
				2806BCA02D459C4E00EE6EDA /* PhotoRow.swift in Sources */,
				2806BC9A2D458F4F00EE6EDA /* GalleryView.swift in Sources */,
			);
			runOnlyForDeploymentPostprocessing = 0;
		};
		280F0E562D44B1A4008C0FC2 /* Sources */ = {
			isa = PBXSourcesBuildPhase;
			buildActionMask = 2147483647;
			files = (
			);
			runOnlyForDeploymentPostprocessing = 0;
		};
		280F0E602D44B1A5008C0FC2 /* Sources */ = {
			isa = PBXSourcesBuildPhase;
			buildActionMask = 2147483647;
			files = (
			);
			runOnlyForDeploymentPostprocessing = 0;
		};
/* End PBXSourcesBuildPhase section */

/* Begin PBXTargetDependency section */
		280F0E5C2D44B1A4008C0FC2 /* PBXTargetDependency */ = {
			isa = PBXTargetDependency;
			target = 280F0E482D44B1A3008C0FC2 /* PosePal */;
			targetProxy = 280F0E5B2D44B1A4008C0FC2 /* PBXContainerItemProxy */;
		};
		280F0E662D44B1A5008C0FC2 /* PBXTargetDependency */ = {
			isa = PBXTargetDependency;
			target = 280F0E482D44B1A3008C0FC2 /* PosePal */;
			targetProxy = 280F0E652D44B1A5008C0FC2 /* PBXContainerItemProxy */;
		};
/* End PBXTargetDependency section */

/* Begin XCBuildConfiguration section */
		280F0E6C2D44B1A5008C0FC2 /* Debug */ = {
			isa = XCBuildConfiguration;
			buildSettings = {
				ALWAYS_SEARCH_USER_PATHS = NO;
				ASSETCATALOG_COMPILER_GENERATE_SWIFT_ASSET_SYMBOL_EXTENSIONS = YES;
				CLANG_ANALYZER_NONNULL = YES;
				CLANG_ANALYZER_NUMBER_OBJECT_CONVERSION = YES_AGGRESSIVE;
				CLANG_CXX_LANGUAGE_STANDARD = "gnu++20";
				CLANG_ENABLE_MODULES = YES;
				CLANG_ENABLE_OBJC_ARC = YES;
				CLANG_ENABLE_OBJC_WEAK = YES;
				CLANG_WARN_BLOCK_CAPTURE_AUTORELEASING = YES;
				CLANG_WARN_BOOL_CONVERSION = YES;
				CLANG_WARN_COMMA = YES;
				CLANG_WARN_CONSTANT_CONVERSION = YES;
				CLANG_WARN_DEPRECATED_OBJC_IMPLEMENTATIONS = YES;
				CLANG_WARN_DIRECT_OBJC_ISA_USAGE = YES_ERROR;
				CLANG_WARN_DOCUMENTATION_COMMENTS = YES;
				CLANG_WARN_EMPTY_BODY = YES;
				CLANG_WARN_ENUM_CONVERSION = YES;
				CLANG_WARN_INFINITE_RECURSION = YES;
				CLANG_WARN_INT_CONVERSION = YES;
				CLANG_WARN_NON_LITERAL_NULL_CONVERSION = YES;
				CLANG_WARN_OBJC_IMPLICIT_RETAIN_SELF = YES;
				CLANG_WARN_OBJC_LITERAL_CONVERSION = YES;
				CLANG_WARN_OBJC_ROOT_CLASS = YES_ERROR;
				CLANG_WARN_QUOTED_INCLUDE_IN_FRAMEWORK_HEADER = YES;
				CLANG_WARN_RANGE_LOOP_ANALYSIS = YES;
				CLANG_WARN_STRICT_PROTOTYPES = YES;
				CLANG_WARN_SUSPICIOUS_MOVE = YES;
				CLANG_WARN_UNGUARDED_AVAILABILITY = YES_AGGRESSIVE;
				CLANG_WARN_UNREACHABLE_CODE = YES;
				CLANG_WARN__DUPLICATE_METHOD_MATCH = YES;
				COPY_PHASE_STRIP = NO;
				DEBUG_INFORMATION_FORMAT = dwarf;
				ENABLE_STRICT_OBJC_MSGSEND = YES;
				ENABLE_TESTABILITY = YES;
				ENABLE_USER_SCRIPT_SANDBOXING = YES;
				GCC_C_LANGUAGE_STANDARD = gnu17;
				GCC_DYNAMIC_NO_PIC = NO;
				GCC_NO_COMMON_BLOCKS = YES;
				GCC_OPTIMIZATION_LEVEL = 0;
				GCC_PREPROCESSOR_DEFINITIONS = (
					"DEBUG=1",
					"$(inherited)",
				);
				GCC_WARN_64_TO_32_BIT_CONVERSION = YES;
				GCC_WARN_ABOUT_RETURN_TYPE = YES_ERROR;
				GCC_WARN_UNDECLARED_SELECTOR = YES;
				GCC_WARN_UNINITIALIZED_AUTOS = YES_AGGRESSIVE;
				GCC_WARN_UNUSED_FUNCTION = YES;
				GCC_WARN_UNUSED_VARIABLE = YES;
				LOCALIZATION_PREFERS_STRING_CATALOGS = YES;
				MACOSX_DEPLOYMENT_TARGET = 14.1;
				MTL_ENABLE_DEBUG_INFO = INCLUDE_SOURCE;
				MTL_FAST_MATH = YES;
				ONLY_ACTIVE_ARCH = YES;
				SDKROOT = macosx;
				SWIFT_ACTIVE_COMPILATION_CONDITIONS = "DEBUG $(inherited)";
				SWIFT_OPTIMIZATION_LEVEL = "-Onone";
			};
			name = Debug;
		};
		280F0E6D2D44B1A5008C0FC2 /* Release */ = {
			isa = XCBuildConfiguration;
			buildSettings = {
				ALWAYS_SEARCH_USER_PATHS = NO;
				ASSETCATALOG_COMPILER_GENERATE_SWIFT_ASSET_SYMBOL_EXTENSIONS = YES;
				CLANG_ANALYZER_NONNULL = YES;
				CLANG_ANALYZER_NUMBER_OBJECT_CONVERSION = YES_AGGRESSIVE;
				CLANG_CXX_LANGUAGE_STANDARD = "gnu++20";
				CLANG_ENABLE_MODULES = YES;
				CLANG_ENABLE_OBJC_ARC = YES;
				CLANG_ENABLE_OBJC_WEAK = YES;
				CLANG_WARN_BLOCK_CAPTURE_AUTORELEASING = YES;
				CLANG_WARN_BOOL_CONVERSION = YES;
				CLANG_WARN_COMMA = YES;
				CLANG_WARN_CONSTANT_CONVERSION = YES;
				CLANG_WARN_DEPRECATED_OBJC_IMPLEMENTATIONS = YES;
				CLANG_WARN_DIRECT_OBJC_ISA_USAGE = YES_ERROR;
				CLANG_WARN_DOCUMENTATION_COMMENTS = YES;
				CLANG_WARN_EMPTY_BODY = YES;
				CLANG_WARN_ENUM_CONVERSION = YES;
				CLANG_WARN_INFINITE_RECURSION = YES;
				CLANG_WARN_INT_CONVERSION = YES;
				CLANG_WARN_NON_LITERAL_NULL_CONVERSION = YES;
				CLANG_WARN_OBJC_IMPLICIT_RETAIN_SELF = YES;
				CLANG_WARN_OBJC_LITERAL_CONVERSION = YES;
				CLANG_WARN_OBJC_ROOT_CLASS = YES_ERROR;
				CLANG_WARN_QUOTED_INCLUDE_IN_FRAMEWORK_HEADER = YES;
				CLANG_WARN_RANGE_LOOP_ANALYSIS = YES;
				CLANG_WARN_STRICT_PROTOTYPES = YES;
				CLANG_WARN_SUSPICIOUS_MOVE = YES;
				CLANG_WARN_UNGUARDED_AVAILABILITY = YES_AGGRESSIVE;
				CLANG_WARN_UNREACHABLE_CODE = YES;
				CLANG_WARN__DUPLICATE_METHOD_MATCH = YES;
				COPY_PHASE_STRIP = NO;
				DEBUG_INFORMATION_FORMAT = "dwarf-with-dsym";
				ENABLE_NS_ASSERTIONS = NO;
				ENABLE_STRICT_OBJC_MSGSEND = YES;
				ENABLE_USER_SCRIPT_SANDBOXING = YES;
				GCC_C_LANGUAGE_STANDARD = gnu17;
				GCC_NO_COMMON_BLOCKS = YES;
				GCC_WARN_64_TO_32_BIT_CONVERSION = YES;
				GCC_WARN_ABOUT_RETURN_TYPE = YES_ERROR;
				GCC_WARN_UNDECLARED_SELECTOR = YES;
				GCC_WARN_UNINITIALIZED_AUTOS = YES_AGGRESSIVE;
				GCC_WARN_UNUSED_FUNCTION = YES;
				GCC_WARN_UNUSED_VARIABLE = YES;
				LOCALIZATION_PREFERS_STRING_CATALOGS = YES;
				MACOSX_DEPLOYMENT_TARGET = 14.1;
				MTL_ENABLE_DEBUG_INFO = NO;
				MTL_FAST_MATH = YES;
				SDKROOT = macosx;
				SWIFT_COMPILATION_MODE = wholemodule;
			};
			name = Release;
		};
		280F0E6F2D44B1A5008C0FC2 /* Debug */ = {
			isa = XCBuildConfiguration;
			buildSettings = {
				ASSETCATALOG_COMPILER_APPICON_NAME = AppIcon;
				ASSETCATALOG_COMPILER_GLOBAL_ACCENT_COLOR_NAME = AccentColor;
				CODE_SIGN_ENTITLEMENTS = PosePal/PosePal.entitlements;
				"CODE_SIGN_IDENTITY[sdk=macosx*]" = "Apple Development";
				CODE_SIGN_STYLE = Automatic;
				COMBINE_HIDPI_IMAGES = YES;
				CURRENT_PROJECT_VERSION = 1;
				DEVELOPMENT_ASSET_PATHS = "\"PosePal/Preview Content\"";
				DEVELOPMENT_TEAM = 69G4J7D9TY;
				ENABLE_PREVIEWS = YES;
				GENERATE_INFOPLIST_FILE = YES;
				INFOPLIST_FILE = PosePal/Info.plist;
				INFOPLIST_KEY_LSApplicationCategoryType = "";
				INFOPLIST_KEY_NSCameraUsageDescription = "PosePal needs camera access to take photos for challenges";
				INFOPLIST_KEY_NSHumanReadableCopyright = "";
				INFOPLIST_KEY_NSPhotoLibraryUsageDescription = "PosePal needs photo library access to save your challenge photos";
				INFOPLIST_KEY_UILaunchStoryboardName = Storyboard.storyboard;
				LD_RUNPATH_SEARCH_PATHS = (
					"$(inherited)",
					"@executable_path/../Frameworks",
				);
				MARKETING_VERSION = 1.0;
				PRODUCT_BUNDLE_IDENTIFIER = Andrew.PosePal;
				PRODUCT_NAME = "$(TARGET_NAME)";
				SUPPORTED_PLATFORMS = "iphoneos iphonesimulator macosx";
				SUPPORTS_MACCATALYST = NO;
				SWIFT_EMIT_LOC_STRINGS = YES;
				SWIFT_VERSION = 5.0;
				TARGETED_DEVICE_FAMILY = 1;
			};
			name = Debug;
		};
		280F0E702D44B1A5008C0FC2 /* Release */ = {
			isa = XCBuildConfiguration;
			buildSettings = {
				ASSETCATALOG_COMPILER_APPICON_NAME = AppIcon;
				ASSETCATALOG_COMPILER_GLOBAL_ACCENT_COLOR_NAME = AccentColor;
				CODE_SIGN_ENTITLEMENTS = PosePal/PosePal.entitlements;
				"CODE_SIGN_IDENTITY[sdk=macosx*]" = "Apple Development";
				CODE_SIGN_STYLE = Automatic;
				COMBINE_HIDPI_IMAGES = YES;
				CURRENT_PROJECT_VERSION = 1;
				DEVELOPMENT_ASSET_PATHS = "\"PosePal/Preview Content\"";
				DEVELOPMENT_TEAM = 69G4J7D9TY;
				ENABLE_PREVIEWS = YES;
				GENERATE_INFOPLIST_FILE = YES;
				INFOPLIST_FILE = PosePal/Info.plist;
				INFOPLIST_KEY_LSApplicationCategoryType = "";
				INFOPLIST_KEY_NSCameraUsageDescription = "PosePal needs camera access to take photos for challenges";
				INFOPLIST_KEY_NSHumanReadableCopyright = "";
				INFOPLIST_KEY_NSPhotoLibraryUsageDescription = "PosePal needs photo library access to save your challenge photos";
				INFOPLIST_KEY_UILaunchStoryboardName = Storyboard.storyboard;
				LD_RUNPATH_SEARCH_PATHS = (
					"$(inherited)",
					"@executable_path/../Frameworks",
				);
				MARKETING_VERSION = 1.0;
				PRODUCT_BUNDLE_IDENTIFIER = Andrew.PosePal;
				PRODUCT_NAME = "$(TARGET_NAME)";
				SUPPORTED_PLATFORMS = "iphoneos iphonesimulator macosx";
				SUPPORTS_MACCATALYST = NO;
				SWIFT_EMIT_LOC_STRINGS = YES;
				SWIFT_VERSION = 5.0;
				TARGETED_DEVICE_FAMILY = 1;
			};
			name = Release;
		};
		280F0E722D44B1A5008C0FC2 /* Debug */ = {
			isa = XCBuildConfiguration;
			buildSettings = {
				ALWAYS_EMBED_SWIFT_STANDARD_LIBRARIES = YES;
				BUNDLE_LOADER = "$(TEST_HOST)";
				CODE_SIGN_STYLE = Automatic;
				CURRENT_PROJECT_VERSION = 1;
				GENERATE_INFOPLIST_FILE = YES;
				MACOSX_DEPLOYMENT_TARGET = 14.1;
				MARKETING_VERSION = 1.0;
				PRODUCT_BUNDLE_IDENTIFIER = Andrew.PosePalTests;
				PRODUCT_NAME = "$(TARGET_NAME)";
				SWIFT_EMIT_LOC_STRINGS = NO;
				SWIFT_VERSION = 5.0;
				TEST_HOST = "$(BUILT_PRODUCTS_DIR)/PosePal.app/$(BUNDLE_EXECUTABLE_FOLDER_PATH)/PosePal";
			};
			name = Debug;
		};
		280F0E732D44B1A5008C0FC2 /* Release */ = {
			isa = XCBuildConfiguration;
			buildSettings = {
				ALWAYS_EMBED_SWIFT_STANDARD_LIBRARIES = YES;
				BUNDLE_LOADER = "$(TEST_HOST)";
				CODE_SIGN_STYLE = Automatic;
				CURRENT_PROJECT_VERSION = 1;
				GENERATE_INFOPLIST_FILE = YES;
				MACOSX_DEPLOYMENT_TARGET = 14.1;
				MARKETING_VERSION = 1.0;
				PRODUCT_BUNDLE_IDENTIFIER = Andrew.PosePalTests;
				PRODUCT_NAME = "$(TARGET_NAME)";
				SWIFT_EMIT_LOC_STRINGS = NO;
				SWIFT_VERSION = 5.0;
				TEST_HOST = "$(BUILT_PRODUCTS_DIR)/PosePal.app/$(BUNDLE_EXECUTABLE_FOLDER_PATH)/PosePal";
			};
			name = Release;
		};
		280F0E752D44B1A5008C0FC2 /* Debug */ = {
			isa = XCBuildConfiguration;
			buildSettings = {
				ALWAYS_EMBED_SWIFT_STANDARD_LIBRARIES = YES;
				CODE_SIGN_STYLE = Automatic;
				CURRENT_PROJECT_VERSION = 1;
				GENERATE_INFOPLIST_FILE = YES;
				MARKETING_VERSION = 1.0;
				PRODUCT_BUNDLE_IDENTIFIER = Andrew.PosePalUITests;
				PRODUCT_NAME = "$(TARGET_NAME)";
				SWIFT_EMIT_LOC_STRINGS = NO;
				SWIFT_VERSION = 5.0;
				TEST_TARGET_NAME = PosePal;
			};
			name = Debug;
		};
		280F0E762D44B1A5008C0FC2 /* Release */ = {
			isa = XCBuildConfiguration;
			buildSettings = {
				ALWAYS_EMBED_SWIFT_STANDARD_LIBRARIES = YES;
				CODE_SIGN_STYLE = Automatic;
				CURRENT_PROJECT_VERSION = 1;
				GENERATE_INFOPLIST_FILE = YES;
				MARKETING_VERSION = 1.0;
				PRODUCT_BUNDLE_IDENTIFIER = Andrew.PosePalUITests;
				PRODUCT_NAME = "$(TARGET_NAME)";
				SWIFT_EMIT_LOC_STRINGS = NO;
				SWIFT_VERSION = 5.0;
				TEST_TARGET_NAME = PosePal;
			};
			name = Release;
		};
/* End XCBuildConfiguration section */

/* Begin XCConfigurationList section */
		280F0E442D44B1A3008C0FC2 /* Build configuration list for PBXProject "PosePal" */ = {
			isa = XCConfigurationList;
			buildConfigurations = (
				280F0E6C2D44B1A5008C0FC2 /* Debug */,
				280F0E6D2D44B1A5008C0FC2 /* Release */,
			);
			defaultConfigurationIsVisible = 0;
			defaultConfigurationName = Release;
		};
		280F0E6E2D44B1A5008C0FC2 /* Build configuration list for PBXNativeTarget "PosePal" */ = {
			isa = XCConfigurationList;
			buildConfigurations = (
				280F0E6F2D44B1A5008C0FC2 /* Debug */,
				280F0E702D44B1A5008C0FC2 /* Release */,
			);
			defaultConfigurationIsVisible = 0;
			defaultConfigurationName = Release;
		};
		280F0E712D44B1A5008C0FC2 /* Build configuration list for PBXNativeTarget "PosePalTests" */ = {
			isa = XCConfigurationList;
			buildConfigurations = (
				280F0E722D44B1A5008C0FC2 /* Debug */,
				280F0E732D44B1A5008C0FC2 /* Release */,
			);
			defaultConfigurationIsVisible = 0;
			defaultConfigurationName = Release;
		};
		280F0E742D44B1A5008C0FC2 /* Build configuration list for PBXNativeTarget "PosePalUITests" */ = {
			isa = XCConfigurationList;
			buildConfigurations = (
				280F0E752D44B1A5008C0FC2 /* Debug */,
				280F0E762D44B1A5008C0FC2 /* Release */,
			);
			defaultConfigurationIsVisible = 0;
			defaultConfigurationName = Release;
		};
/* End XCConfigurationList section */
	};
	rootObject = 280F0E412D44B1A3008C0FC2 /* Project object */;
}
